
Microsoft Visual Studio Solution File, Format Version 12.00
# Visual Studio Version 17
VisualStudioVersion = 17.2.32526.322
MinimumVisualStudioVersion = 10.0.40219.1
Project("{8BC9CEB8-8B4A-11D0-8D11-00A0C91BC942}") = "Servidor", "Servidor\Servidor.vcxproj", "{42A1147A-5900-434F-94CE-8D9C81BCB15A}"
EndProject
Project("{8BC9CEB8-8B4A-11D0-8D11-00A0C91BC942}") = "Monitor", "Monitor\Monitor.vcxproj", "{C9ED6FBE-19E1-40AA-8EC4-388CE947DDE6}"
EndProject
Global
	GlobalSection(SolutionConfigurationPlatforms) = preSolution
		Debug|x64 = Debug|x64
		Debug|x86 = Debug|x86
		Release|x64 = Release|x64
		Release|x86 = Release|x86
	EndGlobalSection
	GlobalSection(ProjectConfigurationPlatforms) = postSolution
		{42A1147A-5900-434F-94CE-8D9C81BCB15A}.Debug|x64.ActiveCfg = Debug|x64
		{42A1147A-5900-434F-94CE-8D9C81BCB15A}.Debug|x64.Build.0 = Debug|x64
		{42A1147A-5900-434F-94CE-8D9C81BCB15A}.Debug|x86.ActiveCfg = Debug|Win32
		{42A1147A-5900-434F-94CE-8D9C81BCB15A}.Debug|x86.Build.0 = Debug|Win32
		{42A1147A-5900-434F-94CE-8D9C81BCB15A}.Release|x64.ActiveCfg = Release|x64
		{42A1147A-5900-434F-94CE-8D9C81BCB15A}.Release|x64.Build.0 = Release|x64
		{42A1147A-5900-434F-94CE-8D9C81BCB15A}.Release|x86.ActiveCfg = Release|Win32
		{42A1147A-5900-434F-94CE-8D9C81BCB15A}.Release|x86.Build.0 = Release|Win32
		{C9ED6FBE-19E1-40AA-8EC4-388CE947DDE6}.Debug|x64.ActiveCfg = Debug|x64
		{C9ED6FBE-19E1-40AA-8EC4-388CE947DDE6}.Debug|x64.Build.0 = Debug|x64
		{C9ED6FBE-19E1-40AA-8EC4-388CE947DDE6}.Debug|x86.ActiveCfg = Debug|Win32
		{C9ED6FBE-19E1-40AA-8EC4-388CE947DDE6}.Debug|x86.Build.0 = Debug|Win32
		{C9ED6FBE-19E1-40AA-8EC4-388CE947DDE6}.Release|x64.ActiveCfg = Release|x64
		{C9ED6FBE-19E1-40AA-8EC4-388CE947DDE6}.Release|x64.Build.0 = Release|x64
		{C9ED6FBE-19E1-40AA-8EC4-388CE947DDE6}.Release|x86.ActiveCfg = Release|Win32
		{C9ED6FBE-19E1-40AA-8EC4-388CE947DDE6}.Release|x86.Build.0 = Release|Win32
	EndGlobalSection
	GlobalSection(SolutionProperties) = preSolution
		HideSolutionNode = FALSE
	EndGlobalSection
	GlobalSection(ExtensibilityGlobals) = postSolution
		SolutionGuid = {2D80A911-18C1-4FC9-BA51-1BDCF8BE7AD0}
	EndGlobalSection
EndGlobal
